
Microsoft Visual Studio Solution File, Format Version 12.00
# Visual Studio Version 17
VisualStudioVersion = 17.4.33213.308
MinimumVisualStudioVersion = 10.0.40219.1
Project("{FAE04EC0-301F-11D3-BF4B-00C04F79EFBC}") = "CalculatorTest", "CalculatorTest\CalculatorTest.csproj", "{782D3981-B443-4678-AE47-A4A4D361A1EE}"
EndProject
Project("{FAE04EC0-301F-11D3-BF4B-00C04F79EFBC}") = "Calculator", "Calculator\Calculator.csproj", "{545274A8-49C0-4B6E-8F6F-F738403BEEF1}"
EndProject
Global
	GlobalSection(SolutionConfigurationPlatforms) = preSolution
		Debug|Any CPU = Debug|Any CPU
		Release|Any CPU = Release|Any CPU
	EndGlobalSection
	GlobalSection(ProjectConfigurationPlatforms) = postSolution
		{782D3981-B443-4678-AE47-A4A4D361A1EE}.Debug|Any CPU.ActiveCfg = Debug|Any CPU
		{782D3981-B443-4678-AE47-A4A4D361A1EE}.Debug|Any CPU.Build.0 = Debug|Any CPU
		{782D3981-B443-4678-AE47-A4A4D361A1EE}.Release|Any CPU.ActiveCfg = Release|Any CPU
		{782D3981-B443-4678-AE47-A4A4D361A1EE}.Release|Any CPU.Build.0 = Release|Any CPU
		{545274A8-49C0-4B6E-8F6F-F738403BEEF1}.Debug|Any CPU.ActiveCfg = Debug|Any CPU
		{545274A8-49C0-4B6E-8F6F-F738403BEEF1}.Debug|Any CPU.Build.0 = Debug|Any CPU
		{545274A8-49C0-4B6E-8F6F-F738403BEEF1}.Release|Any CPU.ActiveCfg = Release|Any CPU
		{545274A8-49C0-4B6E-8F6F-F738403BEEF1}.Release|Any CPU.Build.0 = Release|Any CPU
	EndGlobalSection
	GlobalSection(SolutionProperties) = preSolution
		HideSolutionNode = FALSE
	EndGlobalSection
	GlobalSection(ExtensibilityGlobals) = postSolution
		SolutionGuid = {1923FF75-54CD-4D0C-BDB4-93C8CC2FDEA1}
	EndGlobalSection
EndGlobal
